<?xml version="1.0" encoding="utf-8"?>
<Project ToolsVersion="4.0" xmlns="http://schemas.microsoft.com/developer/msbuild/2003">
  <ItemGroup>
    <Filter Include="Converters">
      <UniqueIdentifier>{aebf2beb-2d2a-423d-862d-5f26928374c1}</UniqueIdentifier>
    </Filter>
    <Filter Include="Converters\Dictionary Text Parser">
      <UniqueIdentifier>{8a6a2890-5924-4115-abec-e84a2faf9198}</UniqueIdentifier>
    </Filter>
    <Filter Include="Base">
      <UniqueIdentifier>{93995380-89BD-4b04-88EB-625FBE52EBFB}</UniqueIdentifier>
      <Extensions>h;hh;hpp;hxx;hm;inl;inc;xsd</Extensions>
    </Filter>
    <Filter Include="Base\Binary">
      <UniqueIdentifier>{3458fc91-dfb6-4a8b-97d2-d2fd90830b87}</UniqueIdentifier>
    </Filter>
    <Filter Include="Base\Object Pool">
      <UniqueIdentifier>{9f3a603a-94b5-482f-87cc-e5057b1b819a}</UniqueIdentifier>
    </Filter>
    <Filter Include="Dictionary">
      <UniqueIdentifier>{525a1e12-29cb-4538-a129-fa0cdef7dab6}</UniqueIdentifier>
    </Filter>
    <Filter Include="Body">
      <UniqueIdentifier>{2f99976c-b0b0-4e1d-b0bc-378f0920c2de}</UniqueIdentifier>
    </Filter>
    <Filter Include="Dictionary\Data types">
      <UniqueIdentifier>{48452d35-bf11-4ce3-b041-b6a7a05629b6}</UniqueIdentifier>
    </Filter>
    <Filter Include="Body\Data types">
      <UniqueIdentifier>{db21308f-bd17-473c-9313-64b2a1409bd1}</UniqueIdentifier>
    </Filter>
  </ItemGroup>
  <ItemGroup>
    <ClInclude Include="Include\converters\usdsDictionaryTextParser.h">
      <Filter>Converters</Filter>
    </ClInclude>
    <ClInclude Include="Source\Converters\DictionaryTextParser\bisonDictionaryTextParser.hh">
      <Filter>Converters\Dictionary Text Parser</Filter>
    </ClInclude>
    <ClInclude Include="Source\Converters\DictionaryTextParser\flexDictionaryTextScanner.h">
      <Filter>Converters\Dictionary Text Parser</Filter>
    </ClInclude>
    <ClInclude Include="Source\Converters\DictionaryTextParser\location.hh">
      <Filter>Converters\Dictionary Text Parser</Filter>
    </ClInclude>
    <ClInclude Include="Source\Converters\DictionaryTextParser\position.hh">
      <Filter>Converters\Dictionary Text Parser</Filter>
    </ClInclude>
    <ClInclude Include="Source\Converters\DictionaryTextParser\stack.hh">
      <Filter>Converters\Dictionary Text Parser</Filter>
    </ClInclude>
    <ClInclude Include="Include\converters\usdsDictionaryTextCreator.h">
      <Filter>Converters</Filter>
    </ClInclude>
    <ClInclude Include="Include\base\usdsErrors.h">
      <Filter>Base</Filter>
    </ClInclude>
    <ClInclude Include="Include\usdsBasicParser.h" />
    <ClInclude Include="Include\base\binary\usdsBinaryInput.h">
      <Filter>Base\Binary</Filter>
    </ClInclude>
    <ClInclude Include="Include\base\binary\usdsBinaryOutput.h">
      <Filter>Base\Binary</Filter>
    </ClInclude>
    <ClInclude Include="Include\base\usdsTypes.h">
      <Filter>Base</Filter>
    </ClInclude>
    <ClInclude Include="Include\dictionary\usdsDictionary.h">
      <Filter>Dictionary</Filter>
    </ClInclude>
    <ClInclude Include="Include\converters\usdsDictionaryBinaryCreator.h">
      <Filter>Converters</Filter>
    </ClInclude>
    <ClInclude Include="Include\converters\usdsBinaryCreator.h">
      <Filter>Converters</Filter>
    </ClInclude>
    <ClInclude Include="Include\converters\usdsBinaryParser.h">
      <Filter>Converters</Filter>
    </ClInclude>
    <ClInclude Include="Include\body\usdsBody.h">
      <Filter>Body</Filter>
    </ClInclude>
    <ClInclude Include="Include\base\objectPool\bodyObjectPool.h">
      <Filter>Base\Object Pool</Filter>
    </ClInclude>
    <ClInclude Include="Include\base\objectPool\dicObjectPool.h">
      <Filter>Base\Object Pool</Filter>
    </ClInclude>
    <ClInclude Include="Include\base\objectPool\usdsObjectPool.h">
      <Filter>Base\Object Pool</Filter>
    </ClInclude>
    <ClInclude Include="Include\dictionary\dataTypes\dictionaryArray.h">
      <Filter>Dictionary\Data types</Filter>
    </ClInclude>
    <ClInclude Include="Include\dictionary\dataTypes\dictionaryBaseType.h">
      <Filter>Dictionary\Data types</Filter>
    </ClInclude>
    <ClInclude Include="Include\dictionary\dataTypes\dictionaryBoolean.h">
      <Filter>Dictionary\Data types</Filter>
    </ClInclude>
    <ClInclude Include="Include\dictionary\dataTypes\dictionaryDouble.h">
      <Filter>Dictionary\Data types</Filter>
    </ClInclude>
    <ClInclude Include="Include\dictionary\dataTypes\dictionaryInt.h">
      <Filter>Dictionary\Data types</Filter>
    </ClInclude>
    <ClInclude Include="Include\dictionary\dataTypes\dictionaryLong.h">
      <Filter>Dictionary\Data types</Filter>
    </ClInclude>
    <ClInclude Include="Include\dictionary\dataTypes\dictionaryString.h">
      <Filter>Dictionary\Data types</Filter>
    </ClInclude>
    <ClInclude Include="Include\dictionary\dataTypes\dictionaryStruct.h">
      <Filter>Dictionary\Data types</Filter>
    </ClInclude>
    <ClInclude Include="Include\dictionary\dataTypes\dictionaryUVarint.h">
      <Filter>Dictionary\Data types</Filter>
    </ClInclude>
    <ClInclude Include="Include\body\dataTypes\usdsArray.h">
      <Filter>Body\Data types</Filter>
    </ClInclude>
    <ClInclude Include="Include\body\dataTypes\usdsBaseType.h">
      <Filter>Body\Data types</Filter>
    </ClInclude>
    <ClInclude Include="Include\body\dataTypes\usdsBoolean.h">
      <Filter>Body\Data types</Filter>
    </ClInclude>
    <ClInclude Include="Include\body\dataTypes\usdsDouble.h">
      <Filter>Body\Data types</Filter>
    </ClInclude>
    <ClInclude Include="Include\body\dataTypes\usdsInt.h">
      <Filter>Body\Data types</Filter>
    </ClInclude>
    <ClInclude Include="Include\body\dataTypes\usdsLong.h">
      <Filter>Body\Data types</Filter>
    </ClInclude>
    <ClInclude Include="Include\body\dataTypes\usdsString.h">
      <Filter>Body\Data types</Filter>
    </ClInclude>
    <ClInclude Include="Include\body\dataTypes\usdsStruct.h">
      <Filter>Body\Data types</Filter>
    </ClInclude>
    <ClInclude Include="Include\body\dataTypes\usdsUVarint.h">
      <Filter>Body\Data types</Filter>
    </ClInclude>
    <ClInclude Include="Include\converters\usdsDictionaryBinaryParser.h">
      <Filter>Converters</Filter>
    </ClInclude>
    <ClInclude Include="Include\converters\usdsBodyJsonCreator.h">
      <Filter>Converters</Filter>
    </ClInclude>
  </ItemGroup>
  <ItemGroup>
    <ClCompile Include="Source\Converters\DictionaryTextParser\bisonDictionaryTextParser.cc">
      <Filter>Converters\Dictionary Text Parser</Filter>
    </ClCompile>
    <ClCompile Include="Source\Converters\DictionaryTextParser\flexDictionaryTextScanner.cpp">
      <Filter>Converters\Dictionary Text Parser</Filter>
    </ClCompile>
    <ClCompile Include="Source\Converters\usdsDictionaryTextCreator.cpp">
      <Filter>Converters</Filter>
    </ClCompile>
    <ClCompile Include="Source\Converters\DictionaryTextParser\usdsDictionaryTextParser.cpp">
      <Filter>Converters</Filter>
    </ClCompile>
    <ClCompile Include="Source\Base\usdsErrors.cpp">
      <Filter>Base</Filter>
    </ClCompile>
    <ClCompile Include="Source\usdsBasicParser.cpp" />
    <ClCompile Include="Source\Base\Binary\usdsBinaryInput.cpp">
      <Filter>Base\Binary</Filter>
    </ClCompile>
    <ClCompile Include="Source\Base\Binary\usdsBinaryOutput.cpp">
      <Filter>Base\Binary</Filter>
    </ClCompile>
    <ClCompile Include="Source\Base\usdsTypes.cpp">
      <Filter>Base</Filter>
    </ClCompile>
    <ClCompile Include="Source\Dictionary\usdsDictionary.cpp">
      <Filter>Dictionary</Filter>
    </ClCompile>
    <ClCompile Include="Source\Base\ObjectPool\dicObjectPool.cpp">
      <Filter>Base\Object Pool</Filter>
    </ClCompile>
    <ClCompile Include="Source\Converters\usdsDictionaryBinaryCreator.cpp">
      <Filter>Converters</Filter>
    </ClCompile>
    <ClCompile Include="Source\Converters\usdsBinaryCreator.cpp">
      <Filter>Converters</Filter>
    </ClCompile>
    <ClCompile Include="Source\Converters\usdsBinaryParser.cpp">
      <Filter>Converters</Filter>
    </ClCompile>
    <ClCompile Include="Source\Converters\usdsDictionaryBinaryParser.cpp">
      <Filter>Converters</Filter>
    </ClCompile>
    <ClCompile Include="Source\Body\usdsBody.cpp">
      <Filter>Body</Filter>
    </ClCompile>
    <ClCompile Include="Source\Base\ObjectPool\bodyObjectPool.cpp">
      <Filter>Base\Object Pool</Filter>
    </ClCompile>
    <ClCompile Include="Source\Dictionary\DataTypes\dictionaryArray.cpp">
      <Filter>Dictionary\Data types</Filter>
    </ClCompile>
    <ClCompile Include="Source\Dictionary\DataTypes\dictionaryBaseType.cpp">
      <Filter>Dictionary\Data types</Filter>
    </ClCompile>
    <ClCompile Include="Source\Dictionary\DataTypes\dictionaryBoolean.cpp">
      <Filter>Dictionary\Data types</Filter>
    </ClCompile>
    <ClCompile Include="Source\Dictionary\DataTypes\dictionaryDouble.cpp">
      <Filter>Dictionary\Data types</Filter>
    </ClCompile>
    <ClCompile Include="Source\Dictionary\DataTypes\dictionaryInt.cpp">
      <Filter>Dictionary\Data types</Filter>
    </ClCompile>
    <ClCompile Include="Source\Dictionary\DataTypes\dictionaryLong.cpp">
      <Filter>Dictionary\Data types</Filter>
    </ClCompile>
    <ClCompile Include="Source\Dictionary\DataTypes\dictionaryString.cpp">
      <Filter>Dictionary\Data types</Filter>
    </ClCompile>
    <ClCompile Include="Source\Dictionary\DataTypes\dictionaryStruct.cpp">
      <Filter>Dictionary\Data types</Filter>
    </ClCompile>
    <ClCompile Include="Source\Dictionary\DataTypes\dictionaryUVarint.cpp">
      <Filter>Dictionary\Data types</Filter>
    </ClCompile>
    <ClCompile Include="Source\Body\DataTypes\usdsArray.cpp">
      <Filter>Body\Data types</Filter>
    </ClCompile>
    <ClCompile Include="Source\Body\DataTypes\usdsBaseType.cpp">
      <Filter>Body\Data types</Filter>
    </ClCompile>
    <ClCompile Include="Source\Body\DataTypes\usdsBoolean.cpp">
      <Filter>Body\Data types</Filter>
    </ClCompile>
    <ClCompile Include="Source\Body\DataTypes\usdsDouble.cpp">
      <Filter>Body\Data types</Filter>
    </ClCompile>
    <ClCompile Include="Source\Body\DataTypes\usdsInt.cpp">
      <Filter>Body\Data types</Filter>
    </ClCompile>
    <ClCompile Include="Source\Body\DataTypes\usdsLong.cpp">
      <Filter>Body\Data types</Filter>
    </ClCompile>
    <ClCompile Include="Source\Body\DataTypes\usdsString.cpp">
      <Filter>Body\Data types</Filter>
    </ClCompile>
    <ClCompile Include="Source\Body\DataTypes\usdsStruct.cpp">
      <Filter>Body\Data types</Filter>
    </ClCompile>
    <ClCompile Include="Source\Body\DataTypes\usdsUVarint.cpp">
      <Filter>Body\Data types</Filter>
    </ClCompile>
    <ClCompile Include="Source\Converters\usdsBodyJsonCreator.cpp">
      <Filter>Converters</Filter>
    </ClCompile>
  </ItemGroup>
  <ItemGroup>
    <None Include="Source\Converters\DictionaryTextParser\bisonDictionaryTextParser.y">
      <Filter>Converters\Dictionary Text Parser</Filter>
    </None>
    <None Include="Source\Converters\DictionaryTextParser\flexDictionaryTextScanner.l">
      <Filter>Converters\Dictionary Text Parser</Filter>
    </None>
  </ItemGroup>
</Project>