<?xml version="1.0" encoding="utf-8"?>
<Project ToolsVersion="4.0" xmlns="http://schemas.microsoft.com/developer/msbuild/2003">
  <ItemGroup>
    <Filter Include="Source Files">
      <UniqueIdentifier>{4FC737F1-C7A5-4376-A066-2A32D752A2FF}</UniqueIdentifier>
      <Extensions>cpp;c;cc;cxx;def;odl;idl;hpj;bat;asm;asmx</Extensions>
    </Filter>
    <Filter Include="Header Files">
      <UniqueIdentifier>{93995380-89BD-4b04-88EB-625FBE52EBFB}</UniqueIdentifier>
      <Extensions>h;hh;hpp;hxx;hm;inl;inc;xsd</Extensions>
    </Filter>
    <Filter Include="Resource Files">
      <UniqueIdentifier>{67DA6AB6-F800-4c08-8B7A-83BB121AAD01}</UniqueIdentifier>
      <Extensions>rc;ico;cur;bmp;dlg;rc2;rct;bin;rgs;gif;jpg;jpeg;jpe;resx;tiff;tif;png;wav;mfcribbon-ms</Extensions>
    </Filter>
    <Filter Include="Header Files\Base">
      <UniqueIdentifier>{3458fc91-dfb6-4a8b-97d2-d2fd90830b87}</UniqueIdentifier>
    </Filter>
    <Filter Include="Header Files\Tags">
      <UniqueIdentifier>{82f3aca8-60ab-48db-b977-f59c94e92ab7}</UniqueIdentifier>
    </Filter>
    <Filter Include="Source Files\Base">
      <UniqueIdentifier>{b2aad85f-086c-43bb-9e7e-e917c9048bdd}</UniqueIdentifier>
    </Filter>
    <Filter Include="Source Files\Dictionary Text Parser">
      <UniqueIdentifier>{8a6a2890-5924-4115-abec-e84a2faf9198}</UniqueIdentifier>
    </Filter>
    <Filter Include="Header Files\Internal Parsers">
      <UniqueIdentifier>{aebf2beb-2d2a-423d-862d-5f26928374c1}</UniqueIdentifier>
    </Filter>
  </ItemGroup>
  <ItemGroup>
    <ClInclude Include="Include\usdsBasicParser.h">
      <Filter>Header Files</Filter>
    </ClInclude>
    <ClInclude Include="Include\base\usdsErrors.h">
      <Filter>Header Files\Base</Filter>
    </ClInclude>
    <ClInclude Include="Include\base\usdsObjectPool.h">
      <Filter>Header Files\Base</Filter>
    </ClInclude>
    <ClInclude Include="Include\base\usdsBinaryInput.h">
      <Filter>Header Files\Base</Filter>
    </ClInclude>
    <ClInclude Include="Include\base\usdsBinaryOutput.h">
      <Filter>Header Files\Base</Filter>
    </ClInclude>
    <ClInclude Include="Include\base\usdsDictionary.h">
      <Filter>Header Files\Base</Filter>
    </ClInclude>
    <ClInclude Include="Include\tags\dicBaseTag.h">
      <Filter>Header Files\Tags</Filter>
    </ClInclude>
    <ClInclude Include="Include\tags\dicStructTag.h">
      <Filter>Header Files\Tags</Filter>
    </ClInclude>
    <ClInclude Include="Include\tags\usdsTypes.h">
      <Filter>Header Files\Tags</Filter>
    </ClInclude>
    <ClInclude Include="Include\tags\dicStructFields.h">
      <Filter>Header Files\Tags</Filter>
    </ClInclude>
    <ClInclude Include="Include\internalParsers\usdsDictionaryTextParser.h">
      <Filter>Header Files\Internal Parsers</Filter>
    </ClInclude>
    <ClInclude Include="Source\DictionaryTextParser\location.hh">
      <Filter>Source Files\Dictionary Text Parser</Filter>
    </ClInclude>
    <ClInclude Include="Source\DictionaryTextParser\position.hh">
      <Filter>Source Files\Dictionary Text Parser</Filter>
    </ClInclude>
    <ClInclude Include="Source\DictionaryTextParser\stack.hh">
      <Filter>Source Files\Dictionary Text Parser</Filter>
    </ClInclude>
    <ClInclude Include="Source\DictionaryTextParser\flexDictionaryTextScanner.h">
      <Filter>Source Files\Dictionary Text Parser</Filter>
    </ClInclude>
    <ClInclude Include="Source\DictionaryTextParser\bisonDictionaryTextParser.hh">
      <Filter>Source Files\Dictionary Text Parser</Filter>
    </ClInclude>
  </ItemGroup>
  <ItemGroup>
    <ClCompile Include="Source\usdsBasicParser.cpp">
      <Filter>Source Files</Filter>
    </ClCompile>
    <ClCompile Include="Source\Base\usdsBinaryOutput.cpp">
      <Filter>Source Files\Base</Filter>
    </ClCompile>
    <ClCompile Include="Source\Base\usdsDictionary.cpp">
      <Filter>Source Files\Base</Filter>
    </ClCompile>
    <ClCompile Include="Source\Base\usdsErrors.cpp">
      <Filter>Source Files\Base</Filter>
    </ClCompile>
    <ClCompile Include="Source\Base\usdsBinaryInput.cpp">
      <Filter>Source Files\Base</Filter>
    </ClCompile>
    <ClCompile Include="Source\Base\usdsObjecPool.cpp">
      <Filter>Source Files\Base</Filter>
    </ClCompile>
    <ClCompile Include="Source\DictionaryTextParser\flexDictionaryTextScanner.cpp">
      <Filter>Source Files\Dictionary Text Parser</Filter>
    </ClCompile>
    <ClCompile Include="Source\DictionaryTextParser\usdsDictionaryTextParser.cpp">
      <Filter>Source Files\Dictionary Text Parser</Filter>
    </ClCompile>
    <ClCompile Include="Source\DictionaryTextParser\bisonDictionaryTextParser.cc">
      <Filter>Source Files\Dictionary Text Parser</Filter>
    </ClCompile>
  </ItemGroup>
  <ItemGroup>
    <None Include="Source\DictionaryTextParser\bisonDictionaryTextParser.y">
      <Filter>Source Files\Dictionary Text Parser</Filter>
    </None>
    <None Include="Source\DictionaryTextParser\flexDictionaryTextScanner.l">
      <Filter>Source Files\Dictionary Text Parser</Filter>
    </None>
  </ItemGroup>
</Project>