<?xml version="1.0" encoding="utf-8"?>
<Project ToolsVersion="4.0" xmlns="http://schemas.microsoft.com/developer/msbuild/2003">
  <ItemGroup>
    <Filter Include="Unit tests">
      <UniqueIdentifier>{f54439fc-3bc5-4fa9-ae5c-a304ecf03d43}</UniqueIdentifier>
    </Filter>
    <Filter Include="Unit tests\Base">
      <UniqueIdentifier>{0a54abf5-8ae8-47c9-ac0c-25ee4a1dc74b}</UniqueIdentifier>
    </Filter>
  </ItemGroup>
  <ItemGroup>
    <ClCompile Include="Source\usdsAutotest.cpp" />
    <ClCompile Include="Source\UnitTest\usdsUnitTest.cpp">
      <Filter>Unit tests</Filter>
    </ClCompile>
    <ClCompile Include="Source\UnitTest\Base\usdsErrorTest.cpp">
      <Filter>Unit tests\Base</Filter>
    </ClCompile>
    <ClCompile Include="Source\UnitTest\Base\usdsErrors.cpp">
      <Filter>Unit tests\Base</Filter>
    </ClCompile>
  </ItemGroup>
  <ItemGroup>
    <ClInclude Include="Include\usdsAutotest.h" />
    <ClInclude Include="Include\unitTest\usdsUnitTest.h">
      <Filter>Unit tests</Filter>
    </ClInclude>
    <ClInclude Include="Include\unitTest\Base\usdsErrorTest.h">
      <Filter>Unit tests\Base</Filter>
    </ClInclude>
    <ClInclude Include="Include\unitTest\base\usdsErrors.h">
      <Filter>Unit tests\Base</Filter>
    </ClInclude>
  </ItemGroup>
</Project>