<?xml version="1.0" encoding="utf-8"?>
<Project ToolsVersion="4.0" xmlns="http://schemas.microsoft.com/developer/msbuild/2003">
  <ItemGroup>
    <Filter Include="Unit tests">
      <UniqueIdentifier>{f54439fc-3bc5-4fa9-ae5c-a304ecf03d43}</UniqueIdentifier>
    </Filter>
    <Filter Include="Unit tests\Base">
      <UniqueIdentifier>{0a54abf5-8ae8-47c9-ac0c-25ee4a1dc74b}</UniqueIdentifier>
    </Filter>
    <Filter Include="Unit tests\Dictionary">
      <UniqueIdentifier>{4a2833c6-4afa-449d-b612-989fe96b9516}</UniqueIdentifier>
    </Filter>
    <Filter Include="Unit tests\Body">
      <UniqueIdentifier>{f9aa53e3-1d13-4ac0-8f30-79852f0b5bca}</UniqueIdentifier>
    </Filter>
  </ItemGroup>
  <ItemGroup>
    <ClCompile Include="Source\usdsAutotest.cpp" />
    <ClCompile Include="Source\UnitTest\Base\usdsErrorTest.cpp">
      <Filter>Unit tests\Base</Filter>
    </ClCompile>
    <ClCompile Include="Source\UnitTest\Base\usdsBinaryInputTest.cpp">
      <Filter>Unit tests\Base</Filter>
    </ClCompile>
    <ClCompile Include="Source\UnitTest\Base\usdsBinaryOutputTest.cpp">
      <Filter>Unit tests\Base</Filter>
    </ClCompile>
    <ClCompile Include="Source\UnitTest\Base\usdsObjectPoolTest.cpp">
      <Filter>Unit tests\Base</Filter>
    </ClCompile>
    <ClCompile Include="Source\UnitTest\Dictionary\dictionaryArrayTest.cpp">
      <Filter>Unit tests\Dictionary</Filter>
    </ClCompile>
    <ClCompile Include="Source\UnitTest\Dictionary\dictionarySimpleTest.cpp">
      <Filter>Unit tests\Dictionary</Filter>
    </ClCompile>
    <ClCompile Include="Source\UnitTest\Dictionary\dictionaryStringTest.cpp">
      <Filter>Unit tests\Dictionary</Filter>
    </ClCompile>
    <ClCompile Include="Source\UnitTest\Dictionary\dictionaryStructTest.cpp">
      <Filter>Unit tests\Dictionary</Filter>
    </ClCompile>
    <ClCompile Include="Source\UnitTest\Dictionary\dictionaryTagLinkTest.cpp">
      <Filter>Unit tests\Dictionary</Filter>
    </ClCompile>
    <ClCompile Include="Source\UnitTest\Dictionary\usdsDictionaryTest.cpp">
      <Filter>Unit tests\Dictionary</Filter>
    </ClCompile>
    <ClCompile Include="Source\UnitTest\Body\usdsArrayTest.cpp">
      <Filter>Unit tests\Body</Filter>
    </ClCompile>
    <ClCompile Include="Source\UnitTest\Body\usdsIntTest.cpp">
      <Filter>Unit tests\Body</Filter>
    </ClCompile>
  </ItemGroup>
  <ItemGroup>
    <ClInclude Include="Include\usdsAutotest.h" />
  </ItemGroup>
</Project>