
Microsoft Visual Studio Solution File, Format Version 12.00
# Visual Studio 2013
VisualStudioVersion = 12.0.21005.1
MinimumVisualStudioVersion = 10.0.40219.1
Project("{8BC9CEB8-8B4A-11D0-8D11-00A0C91BC942}") = "Benchmark", "Benchmark\Benchmark.vcxproj", "{56EF51A6-42DB-4FE5-89DD-161093E22B52}"
	ProjectSection(ProjectDependencies) = postProject
		{C76E2685-841D-4035-B689-10ADE30AB060} = {C76E2685-841D-4035-B689-10ADE30AB060}
	EndProjectSection
EndProject
Project("{8BC9CEB8-8B4A-11D0-8D11-00A0C91BC942}") = "BasicParser", "BasicParser\BasicParser.vcxproj", "{C76E2685-841D-4035-B689-10ADE30AB060}"
EndProject
Project("{2150E333-8FDC-42A3-9474-1A3956D46DE8}") = "Solution Items", "Solution Items", "{AB82DEC1-1A6A-493E-91D8-714EBA65AA59}"
	ProjectSection(SolutionItems) = preProject
		Performance.psess = Performance.psess
	EndProjectSection
EndProject
Project("{8BC9CEB8-8B4A-11D0-8D11-00A0C91BC942}") = "Autotest", "Autotest\Autotest.vcxproj", "{224971DD-8578-4096-A116-C5E5DBDAD3A7}"
EndProject
Global
	GlobalSection(SolutionConfigurationPlatforms) = preSolution
		Debug|Win32 = Debug|Win32
		Release|Win32 = Release|Win32
	EndGlobalSection
	GlobalSection(ProjectConfigurationPlatforms) = postSolution
		{56EF51A6-42DB-4FE5-89DD-161093E22B52}.Debug|Win32.ActiveCfg = Debug|Win32
		{56EF51A6-42DB-4FE5-89DD-161093E22B52}.Debug|Win32.Build.0 = Debug|Win32
		{56EF51A6-42DB-4FE5-89DD-161093E22B52}.Release|Win32.ActiveCfg = Release|Win32
		{56EF51A6-42DB-4FE5-89DD-161093E22B52}.Release|Win32.Build.0 = Release|Win32
		{C76E2685-841D-4035-B689-10ADE30AB060}.Debug|Win32.ActiveCfg = Debug|Win32
		{C76E2685-841D-4035-B689-10ADE30AB060}.Debug|Win32.Build.0 = Debug|Win32
		{C76E2685-841D-4035-B689-10ADE30AB060}.Release|Win32.ActiveCfg = Release|Win32
		{C76E2685-841D-4035-B689-10ADE30AB060}.Release|Win32.Build.0 = Release|Win32
		{224971DD-8578-4096-A116-C5E5DBDAD3A7}.Debug|Win32.ActiveCfg = Debug|Win32
		{224971DD-8578-4096-A116-C5E5DBDAD3A7}.Debug|Win32.Build.0 = Debug|Win32
		{224971DD-8578-4096-A116-C5E5DBDAD3A7}.Release|Win32.ActiveCfg = Release|Win32
		{224971DD-8578-4096-A116-C5E5DBDAD3A7}.Release|Win32.Build.0 = Release|Win32
	EndGlobalSection
	GlobalSection(SolutionProperties) = preSolution
		HideSolutionNode = FALSE
	EndGlobalSection
EndGlobal
