<?xml version="1.0" encoding="utf-8"?>
<Project ToolsVersion="4.0" xmlns="http://schemas.microsoft.com/developer/msbuild/2003">
  <ItemGroup>
    <Filter Include="Converters">
      <UniqueIdentifier>{aebf2beb-2d2a-423d-862d-5f26928374c1}</UniqueIdentifier>
    </Filter>
    <Filter Include="Dictionary">
      <UniqueIdentifier>{525a1e12-29cb-4538-a129-fa0cdef7dab6}</UniqueIdentifier>
    </Filter>
    <Filter Include="Body">
      <UniqueIdentifier>{2f99976c-b0b0-4e1d-b0bc-378f0920c2de}</UniqueIdentifier>
    </Filter>
    <Filter Include="Dictionary\Data types">
      <UniqueIdentifier>{48452d35-bf11-4ce3-b041-b6a7a05629b6}</UniqueIdentifier>
    </Filter>
    <Filter Include="Body\Data types">
      <UniqueIdentifier>{db21308f-bd17-473c-9313-64b2a1409bd1}</UniqueIdentifier>
    </Filter>
    <Filter Include="Converters\Creators">
      <UniqueIdentifier>{ee91ae28-376d-44fa-8e17-c4ddf3709b1b}</UniqueIdentifier>
    </Filter>
    <Filter Include="Converters\Parsers">
      <UniqueIdentifier>{fe514add-c35e-4f88-a433-6bd136062ef6}</UniqueIdentifier>
    </Filter>
    <Filter Include="Converters\Parsers\Dictionary Text Parser">
      <UniqueIdentifier>{8a6a2890-5924-4115-abec-e84a2faf9198}</UniqueIdentifier>
    </Filter>
    <Filter Include="Binary">
      <UniqueIdentifier>{2ba8f232-d95c-4b79-bceb-dec02f79c3a9}</UniqueIdentifier>
    </Filter>
    <Filter Include="Common">
      <UniqueIdentifier>{2ef0ce27-325d-4383-a73a-544467109793}</UniqueIdentifier>
    </Filter>
  </ItemGroup>
  <ItemGroup>
    <ClInclude Include="Source\Converters\DictionaryTextParser\bisonDictionaryTextParser.hh">
      <Filter>Converters\Parsers\Dictionary Text Parser</Filter>
    </ClInclude>
    <ClInclude Include="Source\Converters\DictionaryTextParser\flexDictionaryTextScanner.h">
      <Filter>Converters\Parsers\Dictionary Text Parser</Filter>
    </ClInclude>
    <ClInclude Include="Source\Converters\DictionaryTextParser\location.hh">
      <Filter>Converters\Parsers\Dictionary Text Parser</Filter>
    </ClInclude>
    <ClInclude Include="Source\Converters\DictionaryTextParser\position.hh">
      <Filter>Converters\Parsers\Dictionary Text Parser</Filter>
    </ClInclude>
    <ClInclude Include="Source\Converters\DictionaryTextParser\stack.hh">
      <Filter>Converters\Parsers\Dictionary Text Parser</Filter>
    </ClInclude>
    <ClInclude Include="Include\usdsBasicParser.h" />
    <ClInclude Include="Include\dictionary\usdsDictionary.h">
      <Filter>Dictionary</Filter>
    </ClInclude>
    <ClInclude Include="Include\body\usdsBody.h">
      <Filter>Body</Filter>
    </ClInclude>
    <ClInclude Include="Include\dictionary\dataTypes\dictionaryArray.h">
      <Filter>Dictionary\Data types</Filter>
    </ClInclude>
    <ClInclude Include="Include\dictionary\dataTypes\dictionaryBoolean.h">
      <Filter>Dictionary\Data types</Filter>
    </ClInclude>
    <ClInclude Include="Include\dictionary\dataTypes\dictionaryDouble.h">
      <Filter>Dictionary\Data types</Filter>
    </ClInclude>
    <ClInclude Include="Include\dictionary\dataTypes\dictionaryInt.h">
      <Filter>Dictionary\Data types</Filter>
    </ClInclude>
    <ClInclude Include="Include\dictionary\dataTypes\dictionaryLong.h">
      <Filter>Dictionary\Data types</Filter>
    </ClInclude>
    <ClInclude Include="Include\dictionary\dataTypes\dictionaryString.h">
      <Filter>Dictionary\Data types</Filter>
    </ClInclude>
    <ClInclude Include="Include\dictionary\dataTypes\dictionaryStruct.h">
      <Filter>Dictionary\Data types</Filter>
    </ClInclude>
    <ClInclude Include="Include\dictionary\dataTypes\dictionaryUVarint.h">
      <Filter>Dictionary\Data types</Filter>
    </ClInclude>
    <ClInclude Include="Include\body\dataTypes\usdsArray.h">
      <Filter>Body\Data types</Filter>
    </ClInclude>
    <ClInclude Include="Include\body\dataTypes\usdsBoolean.h">
      <Filter>Body\Data types</Filter>
    </ClInclude>
    <ClInclude Include="Include\body\dataTypes\usdsDouble.h">
      <Filter>Body\Data types</Filter>
    </ClInclude>
    <ClInclude Include="Include\body\dataTypes\usdsInt.h">
      <Filter>Body\Data types</Filter>
    </ClInclude>
    <ClInclude Include="Include\body\dataTypes\usdsLong.h">
      <Filter>Body\Data types</Filter>
    </ClInclude>
    <ClInclude Include="Include\body\dataTypes\usdsString.h">
      <Filter>Body\Data types</Filter>
    </ClInclude>
    <ClInclude Include="Include\body\dataTypes\usdsStruct.h">
      <Filter>Body\Data types</Filter>
    </ClInclude>
    <ClInclude Include="Include\body\dataTypes\usdsUVarint.h">
      <Filter>Body\Data types</Filter>
    </ClInclude>
    <ClInclude Include="Include\converters\usdsBinaryCreator.h">
      <Filter>Converters\Creators</Filter>
    </ClInclude>
    <ClInclude Include="Include\converters\usdsBodyBinaryCreator.h">
      <Filter>Converters\Creators</Filter>
    </ClInclude>
    <ClInclude Include="Include\converters\usdsBodyJsonCreator.h">
      <Filter>Converters\Creators</Filter>
    </ClInclude>
    <ClInclude Include="Include\converters\usdsDictionaryBinaryCreator.h">
      <Filter>Converters\Creators</Filter>
    </ClInclude>
    <ClInclude Include="Include\converters\usdsDictionaryTextCreator.h">
      <Filter>Converters\Creators</Filter>
    </ClInclude>
    <ClInclude Include="Include\converters\usdsBinaryParser.h">
      <Filter>Converters\Parsers</Filter>
    </ClInclude>
    <ClInclude Include="Include\converters\usdsDictionaryBinaryParser.h">
      <Filter>Converters\Parsers</Filter>
    </ClInclude>
    <ClInclude Include="Include\converters\usdsDictionaryTextParser.h">
      <Filter>Converters\Parsers</Filter>
    </ClInclude>
    <ClInclude Include="Include\converters\usdsBodyBinaryParser.h">
      <Filter>Converters\Parsers</Filter>
    </ClInclude>
    <ClInclude Include="Include\dictionary\dataTypes\dictionaryTagLink.h">
      <Filter>Dictionary\Data types</Filter>
    </ClInclude>
    <ClInclude Include="Include\usdsErrors.h" />
    <ClInclude Include="Include\body\bodyObjectPool.h">
      <Filter>Body</Filter>
    </ClInclude>
    <ClInclude Include="Include\dictionary\dicObjectPool.h">
      <Filter>Dictionary</Filter>
    </ClInclude>
    <ClInclude Include="Include\body\usdsBaseType.h">
      <Filter>Body</Filter>
    </ClInclude>
    <ClInclude Include="Include\dictionary\dictionaryBaseType.h">
      <Filter>Dictionary</Filter>
    </ClInclude>
    <ClInclude Include="Include\dictionary\dataTypes\dictionaryByte.h">
      <Filter>Dictionary\Data types</Filter>
    </ClInclude>
    <ClInclude Include="Include\dictionary\dataTypes\dictionaryUByte.h">
      <Filter>Dictionary\Data types</Filter>
    </ClInclude>
    <ClInclude Include="Include\body\dataTypes\usdsByte.h">
      <Filter>Body\Data types</Filter>
    </ClInclude>
    <ClInclude Include="Include\body\dataTypes\usdsUByte.h">
      <Filter>Body\Data types</Filter>
    </ClInclude>
    <ClInclude Include="Include\dictionary\dataTypes\dictionaryULong.h">
      <Filter>Dictionary\Data types</Filter>
    </ClInclude>
    <ClInclude Include="Include\body\dataTypes\usdsULong.h">
      <Filter>Body\Data types</Filter>
    </ClInclude>
    <ClInclude Include="Include\dictionary\dataTypes\dictionaryFloat.h">
      <Filter>Dictionary\Data types</Filter>
    </ClInclude>
    <ClInclude Include="Include\body\dataTypes\usdsFloat.h">
      <Filter>Body\Data types</Filter>
    </ClInclude>
    <ClInclude Include="Include\dictionary\dataTypes\dictionaryUInt.h">
      <Filter>Dictionary\Data types</Filter>
    </ClInclude>
    <ClInclude Include="Include\body\dataTypes\usdsUInt.h">
      <Filter>Body\Data types</Filter>
    </ClInclude>
    <ClInclude Include="Include\dictionary\dataTypes\dictionaryShort.h">
      <Filter>Dictionary\Data types</Filter>
    </ClInclude>
    <ClInclude Include="Include\dictionary\dataTypes\dictionaryUShort.h">
      <Filter>Dictionary\Data types</Filter>
    </ClInclude>
    <ClInclude Include="Include\body\dataTypes\usdsShort.h">
      <Filter>Body\Data types</Filter>
    </ClInclude>
    <ClInclude Include="Include\body\dataTypes\usdsUShort.h">
      <Filter>Body\Data types</Filter>
    </ClInclude>
    <ClInclude Include="Include\dictionary\dataTypes\dictionaryVarint.h">
      <Filter>Dictionary\Data types</Filter>
    </ClInclude>
    <ClInclude Include="Include\body\dataTypes\usdsVarint.h">
      <Filter>Body\Data types</Filter>
    </ClInclude>
    <ClInclude Include="Include\binary\usdsBinaryInput.h">
      <Filter>Binary</Filter>
    </ClInclude>
    <ClInclude Include="Include\binary\usdsBinaryOutput.h">
      <Filter>Binary</Filter>
    </ClInclude>
    <ClInclude Include="Include\usdsTypes.h" />
    <ClInclude Include="Include\binary\usdsTypeConverter.h">
      <Filter>Binary</Filter>
    </ClInclude>
    <ClInclude Include="Include\common\errorMessage.h">
      <Filter>Common</Filter>
    </ClInclude>
    <ClInclude Include="Include\common\objectPool.h">
      <Filter>Common</Filter>
    </ClInclude>
    <ClInclude Include="Include\dictionary\dataTypes\dictionaryEnum.h">
      <Filter>Dictionary\Data types</Filter>
    </ClInclude>
    <ClInclude Include="Include\body\dataTypes\usdsEnum.h">
      <Filter>Body\Data types</Filter>
    </ClInclude>
    <ClInclude Include="Include\dictionary\dataTypes\dictionaryPolymorph.h">
      <Filter>Dictionary\Data types</Filter>
    </ClInclude>
  </ItemGroup>
  <ItemGroup>
    <ClCompile Include="Source\Converters\DictionaryTextParser\bisonDictionaryTextParser.cc">
      <Filter>Converters\Parsers\Dictionary Text Parser</Filter>
    </ClCompile>
    <ClCompile Include="Source\Converters\DictionaryTextParser\flexDictionaryTextScanner.cpp">
      <Filter>Converters\Parsers\Dictionary Text Parser</Filter>
    </ClCompile>
    <ClCompile Include="Source\usdsBasicParser.cpp" />
    <ClCompile Include="Source\Dictionary\usdsDictionary.cpp">
      <Filter>Dictionary</Filter>
    </ClCompile>
    <ClCompile Include="Source\Body\usdsBody.cpp">
      <Filter>Body</Filter>
    </ClCompile>
    <ClCompile Include="Source\Dictionary\DataTypes\dictionaryArray.cpp">
      <Filter>Dictionary\Data types</Filter>
    </ClCompile>
    <ClCompile Include="Source\Dictionary\DataTypes\dictionaryBoolean.cpp">
      <Filter>Dictionary\Data types</Filter>
    </ClCompile>
    <ClCompile Include="Source\Dictionary\DataTypes\dictionaryDouble.cpp">
      <Filter>Dictionary\Data types</Filter>
    </ClCompile>
    <ClCompile Include="Source\Dictionary\DataTypes\dictionaryInt.cpp">
      <Filter>Dictionary\Data types</Filter>
    </ClCompile>
    <ClCompile Include="Source\Dictionary\DataTypes\dictionaryLong.cpp">
      <Filter>Dictionary\Data types</Filter>
    </ClCompile>
    <ClCompile Include="Source\Dictionary\DataTypes\dictionaryString.cpp">
      <Filter>Dictionary\Data types</Filter>
    </ClCompile>
    <ClCompile Include="Source\Dictionary\DataTypes\dictionaryStruct.cpp">
      <Filter>Dictionary\Data types</Filter>
    </ClCompile>
    <ClCompile Include="Source\Dictionary\DataTypes\dictionaryUVarint.cpp">
      <Filter>Dictionary\Data types</Filter>
    </ClCompile>
    <ClCompile Include="Source\Body\DataTypes\usdsArray.cpp">
      <Filter>Body\Data types</Filter>
    </ClCompile>
    <ClCompile Include="Source\Body\DataTypes\usdsBoolean.cpp">
      <Filter>Body\Data types</Filter>
    </ClCompile>
    <ClCompile Include="Source\Body\DataTypes\usdsDouble.cpp">
      <Filter>Body\Data types</Filter>
    </ClCompile>
    <ClCompile Include="Source\Body\DataTypes\usdsInt.cpp">
      <Filter>Body\Data types</Filter>
    </ClCompile>
    <ClCompile Include="Source\Body\DataTypes\usdsLong.cpp">
      <Filter>Body\Data types</Filter>
    </ClCompile>
    <ClCompile Include="Source\Body\DataTypes\usdsString.cpp">
      <Filter>Body\Data types</Filter>
    </ClCompile>
    <ClCompile Include="Source\Body\DataTypes\usdsStruct.cpp">
      <Filter>Body\Data types</Filter>
    </ClCompile>
    <ClCompile Include="Source\Body\DataTypes\usdsUVarint.cpp">
      <Filter>Body\Data types</Filter>
    </ClCompile>
    <ClCompile Include="Source\Converters\usdsBinaryCreator.cpp">
      <Filter>Converters\Creators</Filter>
    </ClCompile>
    <ClCompile Include="Source\Converters\usdsBodyBinaryCreator.cpp">
      <Filter>Converters\Creators</Filter>
    </ClCompile>
    <ClCompile Include="Source\Converters\usdsBodyJsonCreator.cpp">
      <Filter>Converters\Creators</Filter>
    </ClCompile>
    <ClCompile Include="Source\Converters\usdsDictionaryBinaryCreator.cpp">
      <Filter>Converters\Creators</Filter>
    </ClCompile>
    <ClCompile Include="Source\Converters\usdsDictionaryTextCreator.cpp">
      <Filter>Converters\Creators</Filter>
    </ClCompile>
    <ClCompile Include="Source\Converters\usdsBinaryParser.cpp">
      <Filter>Converters\Parsers</Filter>
    </ClCompile>
    <ClCompile Include="Source\Converters\usdsDictionaryBinaryParser.cpp">
      <Filter>Converters\Parsers</Filter>
    </ClCompile>
    <ClCompile Include="Source\Converters\DictionaryTextParser\usdsDictionaryTextParser.cpp">
      <Filter>Converters\Parsers</Filter>
    </ClCompile>
    <ClCompile Include="Source\Converters\usdsBodyBinaryParser.cpp">
      <Filter>Converters\Parsers</Filter>
    </ClCompile>
    <ClCompile Include="Source\Dictionary\DataTypes\dictionaryTagLink.cpp">
      <Filter>Dictionary\Data types</Filter>
    </ClCompile>
    <ClCompile Include="Source\Body\bodyObjectPool.cpp">
      <Filter>Body</Filter>
    </ClCompile>
    <ClCompile Include="Source\Dictionary\dicObjectPool.cpp">
      <Filter>Dictionary</Filter>
    </ClCompile>
    <ClCompile Include="Source\Body\usdsBaseType.cpp">
      <Filter>Body</Filter>
    </ClCompile>
    <ClCompile Include="Source\Dictionary\dictionaryBaseType.cpp">
      <Filter>Dictionary</Filter>
    </ClCompile>
    <ClCompile Include="Source\Dictionary\DataTypes\dictionaryByte.cpp">
      <Filter>Dictionary\Data types</Filter>
    </ClCompile>
    <ClCompile Include="Source\Dictionary\DataTypes\dictionaryUByte.cpp">
      <Filter>Dictionary\Data types</Filter>
    </ClCompile>
    <ClCompile Include="Source\Body\DataTypes\usdsByte.cpp">
      <Filter>Body\Data types</Filter>
    </ClCompile>
    <ClCompile Include="Source\Body\DataTypes\usdsUByte.cpp">
      <Filter>Body\Data types</Filter>
    </ClCompile>
    <ClCompile Include="Source\Dictionary\DataTypes\dictionaryULong.cpp">
      <Filter>Dictionary\Data types</Filter>
    </ClCompile>
    <ClCompile Include="Source\Body\DataTypes\usdsULong.cpp">
      <Filter>Body\Data types</Filter>
    </ClCompile>
    <ClCompile Include="Source\Dictionary\DataTypes\dictionaryFloat.cpp">
      <Filter>Dictionary\Data types</Filter>
    </ClCompile>
    <ClCompile Include="Source\Body\DataTypes\usdsFloat.cpp">
      <Filter>Body\Data types</Filter>
    </ClCompile>
    <ClCompile Include="Source\Dictionary\DataTypes\dictionaryUInt.cpp">
      <Filter>Dictionary\Data types</Filter>
    </ClCompile>
    <ClCompile Include="Source\Body\DataTypes\usdsUInt.cpp">
      <Filter>Body\Data types</Filter>
    </ClCompile>
    <ClCompile Include="Source\Dictionary\DataTypes\dictionaryUShort.cpp">
      <Filter>Dictionary\Data types</Filter>
    </ClCompile>
    <ClCompile Include="Source\Body\DataTypes\usdsShort.cpp">
      <Filter>Body\Data types</Filter>
    </ClCompile>
    <ClCompile Include="Include\body\dataTypes\usdsUShort.cpp">
      <Filter>Body\Data types</Filter>
    </ClCompile>
    <ClCompile Include="Source\Dictionary\DataTypes\dictionaryShort.cpp">
      <Filter>Dictionary\Data types</Filter>
    </ClCompile>
    <ClCompile Include="Source\Dictionary\DataTypes\dictionaryVarint.cpp">
      <Filter>Dictionary\Data types</Filter>
    </ClCompile>
    <ClCompile Include="Source\Body\DataTypes\usdsVarint.cpp">
      <Filter>Body\Data types</Filter>
    </ClCompile>
    <ClCompile Include="Source\Binary\usdsBinaryInput.cpp">
      <Filter>Binary</Filter>
    </ClCompile>
    <ClCompile Include="Source\Binary\usdsBinaryOutput.cpp">
      <Filter>Binary</Filter>
    </ClCompile>
    <ClCompile Include="Source\usdsTypes.cpp" />
    <ClCompile Include="Source\Binary\usdsTypeConverter.cpp">
      <Filter>Binary</Filter>
    </ClCompile>
    <ClCompile Include="Source\Common\errorMessage.cpp">
      <Filter>Common</Filter>
    </ClCompile>
    <ClCompile Include="Source\Common\objectPool.cpp">
      <Filter>Common</Filter>
    </ClCompile>
    <ClCompile Include="Source\Dictionary\DataTypes\dictionaryEnum.cpp">
      <Filter>Dictionary\Data types</Filter>
    </ClCompile>
    <ClCompile Include="Source\Body\DataTypes\usdsEnum.cpp">
      <Filter>Body\Data types</Filter>
    </ClCompile>
    <ClCompile Include="Source\Dictionary\DataTypes\dictionaryPolymorph.cpp">
      <Filter>Dictionary\Data types</Filter>
    </ClCompile>
  </ItemGroup>
  <ItemGroup>
    <None Include="Source\Converters\DictionaryTextParser\bisonDictionaryTextParser.y">
      <Filter>Converters\Parsers\Dictionary Text Parser</Filter>
    </None>
    <None Include="Source\Converters\DictionaryTextParser\flexDictionaryTextScanner.l">
      <Filter>Converters\Parsers\Dictionary Text Parser</Filter>
    </None>
  </ItemGroup>
</Project>